
Microsoft Visual Studio Solution File, Format Version 12.00
# Visual Studio Version 17
VisualStudioVersion = 17.5.33530.505
MinimumVisualStudioVersion = 10.0.40219.1
Project("{FAE04EC0-301F-11D3-BF4B-00C04F79EFBC}") = "ProjMD24042023", "ProjMD24042023\ProjMD24042023.csproj", "{0C8E1C77-8B8F-4F01-8243-AA86008E54C7}"
EndProject
Global
	GlobalSection(SolutionConfigurationPlatforms) = preSolution
		Debug|Any CPU = Debug|Any CPU
		Release|Any CPU = Release|Any CPU
	EndGlobalSection
	GlobalSection(ProjectConfigurationPlatforms) = postSolution
		{0C8E1C77-8B8F-4F01-8243-AA86008E54C7}.Debug|Any CPU.ActiveCfg = Debug|Any CPU
		{0C8E1C77-8B8F-4F01-8243-AA86008E54C7}.Debug|Any CPU.Build.0 = Debug|Any CPU
		{0C8E1C77-8B8F-4F01-8243-AA86008E54C7}.Release|Any CPU.ActiveCfg = Release|Any CPU
		{0C8E1C77-8B8F-4F01-8243-AA86008E54C7}.Release|Any CPU.Build.0 = Release|Any CPU
	EndGlobalSection
	GlobalSection(SolutionProperties) = preSolution
		HideSolutionNode = FALSE
	EndGlobalSection
	GlobalSection(ExtensibilityGlobals) = postSolution
		SolutionGuid = {161F4E0F-42FB-412D-803F-D6324CFB0DE6}
	EndGlobalSection
EndGlobal
